// !$*UTF8*$!
{
	archiveVersion = 1;
	classes = {
	};
	objectVersion = 46;
	objects = {

/* Begin PBXBuildFile section */
		3B1848601EF7B46500C71E9B /* AppDelegate.swift in Sources */ = {isa = PBXBuildFile; fileRef = 3B18485F1EF7B46500C71E9B /* AppDelegate.swift */; };
		3B1848621EF7B46500C71E9B /* ViewController.swift in Sources */ = {isa = PBXBuildFile; fileRef = 3B1848611EF7B46500C71E9B /* ViewController.swift */; };
		3B1848671EF7B46500C71E9B /* Assets.xcassets in Resources */ = {isa = PBXBuildFile; fileRef = 3B1848661EF7B46500C71E9B /* Assets.xcassets */; };
		3B18486A1EF7B46500C71E9B /* LaunchScreen.storyboard in Resources */ = {isa = PBXBuildFile; fileRef = 3B1848681EF7B46500C71E9B /* LaunchScreen.storyboard */; };
		3B1848751EF7B46600C71E9B /* hw_03Tests.swift in Sources */ = {isa = PBXBuildFile; fileRef = 3B1848741EF7B46600C71E9B /* hw_03Tests.swift */; };
		3B1848801EF7B46600C71E9B /* hw_03UITests.swift in Sources */ = {isa = PBXBuildFile; fileRef = 3B18487F1EF7B46600C71E9B /* hw_03UITests.swift */; };
		3B31DA7E1EF7C3EA00854538 /* WeatherDataStore.swift in Sources */ = {isa = PBXBuildFile; fileRef = 3B31DA7D1EF7C3EA00854538 /* WeatherDataStore.swift */; };
		3B31DA801EF7C6AD00854538 /* WeatherEntity.swift in Sources */ = {isa = PBXBuildFile; fileRef = 3B31DA7F1EF7C6AD00854538 /* WeatherEntity.swift */; };
		3BD8D0741EF8A49B00A75ABB /* WeatherNetworkRequest.swift in Sources */ = {isa = PBXBuildFile; fileRef = 3BD8D0731EF8A49B00A75ABB /* WeatherNetworkRequest.swift */; };
		3BD8D0771EF8A95500A75ABB /* WeatherError.swift in Sources */ = {isa = PBXBuildFile; fileRef = 3BD8D0761EF8A95500A75ABB /* WeatherError.swift */; };
		3BD8D0791EF8AB3F00A75ABB /* WeatherRepository.swift in Sources */ = {isa = PBXBuildFile; fileRef = 3BD8D0781EF8AB3F00A75ABB /* WeatherRepository.swift */; };
		3BD8D0801EF8ADBD00A75ABB /* PrefectureListEntity.swift in Sources */ = {isa = PBXBuildFile; fileRef = 3BD8D07F1EF8ADBD00A75ABB /* PrefectureListEntity.swift */; };
		3BD8D0821EF8AE5A00A75ABB /* PrefectureListRepository.swift in Sources */ = {isa = PBXBuildFile; fileRef = 3BD8D0811EF8AE5A00A75ABB /* PrefectureListRepository.swift */; };
		3BD8D0841EF8AF0C00A75ABB /* PrefectureListDataStore.swift in Sources */ = {isa = PBXBuildFile; fileRef = 3BD8D0831EF8AF0C00A75ABB /* PrefectureListDataStore.swift */; };
		3BD8D0861EF8B1FC00A75ABB /* WeatherModel.swift in Sources */ = {isa = PBXBuildFile; fileRef = 3BD8D0851EF8B1FC00A75ABB /* WeatherModel.swift */; };
		3BD8D0881EF8B20600A75ABB /* PrefectureListModel.swift in Sources */ = {isa = PBXBuildFile; fileRef = 3BD8D0871EF8B20600A75ABB /* PrefectureListModel.swift */; };
		3BD8D08A1EF8B32600A75ABB /* WeatherModelTranslator.swift in Sources */ = {isa = PBXBuildFile; fileRef = 3BD8D0891EF8B32600A75ABB /* WeatherModelTranslator.swift */; };
		3BD8D08C1EF8B33400A75ABB /* PrefectureListModelTranslator.swift in Sources */ = {isa = PBXBuildFile; fileRef = 3BD8D08B1EF8B33400A75ABB /* PrefectureListModelTranslator.swift */; };
		3BD8D08E1EF8B36000A75ABB /* Translator.swift in Sources */ = {isa = PBXBuildFile; fileRef = 3BD8D08D1EF8B36000A75ABB /* Translator.swift */; };
		3BD8D0901EF8B8AC00A75ABB /* WeatherUseCase.swift in Sources */ = {isa = PBXBuildFile; fileRef = 3BD8D08F1EF8B8AC00A75ABB /* WeatherUseCase.swift */; };
		3BD8D0921EF8BCA700A75ABB /* PrefectureListUseCase.swift in Sources */ = {isa = PBXBuildFile; fileRef = 3BD8D0911EF8BCA700A75ABB /* PrefectureListUseCase.swift */; };
		3BD8D0991EF8BFCA00A75ABB /* PrefectureListCell.swift in Sources */ = {isa = PBXBuildFile; fileRef = 3BD8D0981EF8BFCA00A75ABB /* PrefectureListCell.swift */; };
		3BD8D09B1EF8C18300A75ABB /* PrefectureListViewModel.swift in Sources */ = {isa = PBXBuildFile; fileRef = 3BD8D09A1EF8C18300A75ABB /* PrefectureListViewModel.swift */; };
		3BD8D09D1EF8DE3500A75ABB /* PrefectureListViewController.storyboard in Resources */ = {isa = PBXBuildFile; fileRef = 3BD8D09C1EF8DE3500A75ABB /* PrefectureListViewController.storyboard */; };
		3BD8D09F1EF8DE4000A75ABB /* PrefectureListViewController.swift in Sources */ = {isa = PBXBuildFile; fileRef = 3BD8D09E1EF8DE4000A75ABB /* PrefectureListViewController.swift */; };
		3BD8D0A21EF8E81300A75ABB /* PrefectureListRouting.swift in Sources */ = {isa = PBXBuildFile; fileRef = 3BD8D0A11EF8E81300A75ABB /* PrefectureListRouting.swift */; };
		3BD8D0A41EF8E83500A75ABB /* Routing.swift in Sources */ = {isa = PBXBuildFile; fileRef = 3BD8D0A31EF8E83500A75ABB /* Routing.swift */; };
		3BD8D0A61EF8EACD00A75ABB /* WeatherRouting.swift in Sources */ = {isa = PBXBuildFile; fileRef = 3BD8D0A51EF8EACD00A75ABB /* WeatherRouting.swift */; };
		3BD8D0A81EF8EB3500A75ABB /* WeatherPresenter.swift in Sources */ = {isa = PBXBuildFile; fileRef = 3BD8D0A71EF8EB3500A75ABB /* WeatherPresenter.swift */; };
		3BD8D0AA1EF8ED2B00A75ABB /* WeatherViewController.storyboard in Resources */ = {isa = PBXBuildFile; fileRef = 3BD8D0A91EF8ED2B00A75ABB /* WeatherViewController.storyboard */; };
		3BD8D0AC1EF8ED3600A75ABB /* WeatherViewController.swift in Sources */ = {isa = PBXBuildFile; fileRef = 3BD8D0AB1EF8ED3600A75ABB /* WeatherViewController.swift */; };
		3BD8D0AE1EF8F09100A75ABB /* WeatherCell.swift in Sources */ = {isa = PBXBuildFile; fileRef = 3BD8D0AD1EF8F09100A75ABB /* WeatherCell.swift */; };
		3BD8D0B01EF8F0A200A75ABB /* PrefectureListPresenter.swift in Sources */ = {isa = PBXBuildFile; fileRef = 3BD8D0AF1EF8F0A200A75ABB /* PrefectureListPresenter.swift */; };
		3BD8D0B21EF8F0B400A75ABB /* WeatherViewModel.swift in Sources */ = {isa = PBXBuildFile; fileRef = 3BD8D0B11EF8F0B400A75ABB /* WeatherViewModel.swift */; };
		3BD8D0B41EF8FD9B00A75ABB /* StringExtension.swift in Sources */ = {isa = PBXBuildFile; fileRef = 3BD8D0B31EF8FD9B00A75ABB /* StringExtension.swift */; };
		3BD8D0B61EF8FDCE00A75ABB /* UIColorExtension.swift in Sources */ = {isa = PBXBuildFile; fileRef = 3BD8D0B51EF8FDCE00A75ABB /* UIColorExtension.swift */; };
		3BD8D0B81EF92C6F00A75ABB /* PrefectureViewModel.swift in Sources */ = {isa = PBXBuildFile; fileRef = 3BD8D0B71EF92C6F00A75ABB /* PrefectureViewModel.swift */; };
		3BD8D0BA1EFA15E000A75ABB /* PrefectureModel.swift in Sources */ = {isa = PBXBuildFile; fileRef = 3BD8D0B91EFA15E000A75ABB /* PrefectureModel.swift */; };
		3BD8D0BC1EFA6DB100A75ABB /* WeatherAlertCell.swift in Sources */ = {isa = PBXBuildFile; fileRef = 3BD8D0BB1EFA6DB100A75ABB /* WeatherAlertCell.swift */; };
		3BD8D0BE1EFB5EA900A75ABB /* InformationViewController.storyboard in Resources */ = {isa = PBXBuildFile; fileRef = 3BD8D0BD1EFB5EA900A75ABB /* InformationViewController.storyboard */; };
		3BD8D0C01EFB5EB600A75ABB /* InformationViewController.swift in Sources */ = {isa = PBXBuildFile; fileRef = 3BD8D0BF1EFB5EB600A75ABB /* InformationViewController.swift */; };
		3BD8D0C21EFB61DE00A75ABB /* SystemButton.swift in Sources */ = {isa = PBXBuildFile; fileRef = 3BD8D0C11EFB61DE00A75ABB /* SystemButton.swift */; };
		3BD8D0C41EFB67B400A75ABB /* InformationDataStore.swift in Sources */ = {isa = PBXBuildFile; fileRef = 3BD8D0C31EFB67B400A75ABB /* InformationDataStore.swift */; };
		3BD8D0C61EFB67C300A75ABB /* InformationRepository.swift in Sources */ = {isa = PBXBuildFile; fileRef = 3BD8D0C51EFB67C300A75ABB /* InformationRepository.swift */; };
		3BD8D0C81EFB67E500A75ABB /* InformationUseCase.swift in Sources */ = {isa = PBXBuildFile; fileRef = 3BD8D0C71EFB67E500A75ABB /* InformationUseCase.swift */; };
		3BD8D0CA1EFB680B00A75ABB /* InformationPresenter.swift in Sources */ = {isa = PBXBuildFile; fileRef = 3BD8D0C91EFB680B00A75ABB /* InformationPresenter.swift */; };
		3BD8D0CC1EFB698C00A75ABB /* InformationNameCell.swift in Sources */ = {isa = PBXBuildFile; fileRef = 3BD8D0CB1EFB698C00A75ABB /* InformationNameCell.swift */; };
		3BD8D0CE1EFB69A000A75ABB /* InformationAddressCell.swift in Sources */ = {isa = PBXBuildFile; fileRef = 3BD8D0CD1EFB69A000A75ABB /* InformationAddressCell.swift */; };
		3BD8D0D01EFB69DD00A75ABB /* InformationDescriptionCell.swift in Sources */ = {isa = PBXBuildFile; fileRef = 3BD8D0CF1EFB69DD00A75ABB /* InformationDescriptionCell.swift */; };
		3BD8D0D21EFB69FA00A75ABB /* InformationSendCell.swift in Sources */ = {isa = PBXBuildFile; fileRef = 3BD8D0D11EFB69FA00A75ABB /* InformationSendCell.swift */; };
		3BD8D0D41EFB887800A75ABB /* InformationRouting.swift in Sources */ = {isa = PBXBuildFile; fileRef = 3BD8D0D31EFB887800A75ABB /* InformationRouting.swift */; };
		7137C823D002A48BDB7BD82B /* Pods_hw_03.framework in Frameworks */ = {isa = PBXBuildFile; fileRef = 07F695CCE24E8537659D5029 /* Pods_hw_03.framework */; };
		82B8AD71E02DB0271F926941 /* Pods_hw_03UITests.framework in Frameworks */ = {isa = PBXBuildFile; fileRef = 7AF89AEF163DC2FE79EFDF1C /* Pods_hw_03UITests.framework */; };
		8311790EC7C8F55603902D77 /* Pods_hw_03Tests.framework in Frameworks */ = {isa = PBXBuildFile; fileRef = D5967ED2A9ACE4AD6E41EA6E /* Pods_hw_03Tests.framework */; };
/* End PBXBuildFile section */

/* Begin PBXContainerItemProxy section */
		3B1848711EF7B46600C71E9B /* PBXContainerItemProxy */ = {
			isa = PBXContainerItemProxy;
			containerPortal = 3B1848541EF7B46500C71E9B /* Project object */;
			proxyType = 1;
			remoteGlobalIDString = 3B18485B1EF7B46500C71E9B;
			remoteInfo = hw_03;
		};
		3B18487C1EF7B46600C71E9B /* PBXContainerItemProxy */ = {
			isa = PBXContainerItemProxy;
			containerPortal = 3B1848541EF7B46500C71E9B /* Project object */;
			proxyType = 1;
			remoteGlobalIDString = 3B18485B1EF7B46500C71E9B;
			remoteInfo = hw_03;
		};
/* End PBXContainerItemProxy section */

/* Begin PBXFileReference section */
		00C5415A897189B83311833E /* Pods-hw_03Tests.release.xcconfig */ = {isa = PBXFileReference; includeInIndex = 1; lastKnownFileType = text.xcconfig; name = "Pods-hw_03Tests.release.xcconfig"; path = "Pods/Target Support Files/Pods-hw_03Tests/Pods-hw_03Tests.release.xcconfig"; sourceTree = "<group>"; };
		07F695CCE24E8537659D5029 /* Pods_hw_03.framework */ = {isa = PBXFileReference; explicitFileType = wrapper.framework; includeInIndex = 0; path = Pods_hw_03.framework; sourceTree = BUILT_PRODUCTS_DIR; };
		11F673801586A7B9DE2F517F /* Pods-hw_03UITests.release.xcconfig */ = {isa = PBXFileReference; includeInIndex = 1; lastKnownFileType = text.xcconfig; name = "Pods-hw_03UITests.release.xcconfig"; path = "Pods/Target Support Files/Pods-hw_03UITests/Pods-hw_03UITests.release.xcconfig"; sourceTree = "<group>"; };
		184F36C8118C8C5E91C65B38 /* Pods-hw_03Tests.debug.xcconfig */ = {isa = PBXFileReference; includeInIndex = 1; lastKnownFileType = text.xcconfig; name = "Pods-hw_03Tests.debug.xcconfig"; path = "Pods/Target Support Files/Pods-hw_03Tests/Pods-hw_03Tests.debug.xcconfig"; sourceTree = "<group>"; };
		3B18485C1EF7B46500C71E9B /* hw_03.app */ = {isa = PBXFileReference; explicitFileType = wrapper.application; includeInIndex = 0; path = hw_03.app; sourceTree = BUILT_PRODUCTS_DIR; };
		3B18485F1EF7B46500C71E9B /* AppDelegate.swift */ = {isa = PBXFileReference; lastKnownFileType = sourcecode.swift; path = AppDelegate.swift; sourceTree = "<group>"; };
		3B1848611EF7B46500C71E9B /* ViewController.swift */ = {isa = PBXFileReference; lastKnownFileType = sourcecode.swift; path = ViewController.swift; sourceTree = "<group>"; };
		3B1848661EF7B46500C71E9B /* Assets.xcassets */ = {isa = PBXFileReference; lastKnownFileType = folder.assetcatalog; path = Assets.xcassets; sourceTree = "<group>"; };
		3B1848691EF7B46500C71E9B /* Base */ = {isa = PBXFileReference; lastKnownFileType = file.storyboard; name = Base; path = Base.lproj/LaunchScreen.storyboard; sourceTree = "<group>"; };
		3B18486B1EF7B46500C71E9B /* Info.plist */ = {isa = PBXFileReference; lastKnownFileType = text.plist.xml; path = Info.plist; sourceTree = "<group>"; };
		3B1848701EF7B46600C71E9B /* hw_03Tests.xctest */ = {isa = PBXFileReference; explicitFileType = wrapper.cfbundle; includeInIndex = 0; path = hw_03Tests.xctest; sourceTree = BUILT_PRODUCTS_DIR; };
		3B1848741EF7B46600C71E9B /* hw_03Tests.swift */ = {isa = PBXFileReference; lastKnownFileType = sourcecode.swift; path = hw_03Tests.swift; sourceTree = "<group>"; };
		3B1848761EF7B46600C71E9B /* Info.plist */ = {isa = PBXFileReference; lastKnownFileType = text.plist.xml; path = Info.plist; sourceTree = "<group>"; };
		3B18487B1EF7B46600C71E9B /* hw_03UITests.xctest */ = {isa = PBXFileReference; explicitFileType = wrapper.cfbundle; includeInIndex = 0; path = hw_03UITests.xctest; sourceTree = BUILT_PRODUCTS_DIR; };
		3B18487F1EF7B46600C71E9B /* hw_03UITests.swift */ = {isa = PBXFileReference; lastKnownFileType = sourcecode.swift; path = hw_03UITests.swift; sourceTree = "<group>"; };
		3B1848811EF7B46600C71E9B /* Info.plist */ = {isa = PBXFileReference; lastKnownFileType = text.plist.xml; path = Info.plist; sourceTree = "<group>"; };
		3B31DA7D1EF7C3EA00854538 /* WeatherDataStore.swift */ = {isa = PBXFileReference; fileEncoding = 4; lastKnownFileType = sourcecode.swift; path = WeatherDataStore.swift; sourceTree = "<group>"; };
		3B31DA7F1EF7C6AD00854538 /* WeatherEntity.swift */ = {isa = PBXFileReference; fileEncoding = 4; lastKnownFileType = sourcecode.swift; name = WeatherEntity.swift; path = hw_03/Data/Entity/WeatherEntity.swift; sourceTree = SOURCE_ROOT; };
		3BD8D0731EF8A49B00A75ABB /* WeatherNetworkRequest.swift */ = {isa = PBXFileReference; fileEncoding = 4; lastKnownFileType = sourcecode.swift; path = WeatherNetworkRequest.swift; sourceTree = "<group>"; };
		3BD8D0761EF8A95500A75ABB /* WeatherError.swift */ = {isa = PBXFileReference; fileEncoding = 4; lastKnownFileType = sourcecode.swift; path = WeatherError.swift; sourceTree = "<group>"; };
		3BD8D0781EF8AB3F00A75ABB /* WeatherRepository.swift */ = {isa = PBXFileReference; fileEncoding = 4; lastKnownFileType = sourcecode.swift; path = WeatherRepository.swift; sourceTree = "<group>"; };
		3BD8D07F1EF8ADBD00A75ABB /* PrefectureListEntity.swift */ = {isa = PBXFileReference; fileEncoding = 4; lastKnownFileType = sourcecode.swift; name = PrefectureListEntity.swift; path = hw_03/Data/Entity/PrefectureListEntity.swift; sourceTree = SOURCE_ROOT; };
		3BD8D0811EF8AE5A00A75ABB /* PrefectureListRepository.swift */ = {isa = PBXFileReference; fileEncoding = 4; lastKnownFileType = sourcecode.swift; path = PrefectureListRepository.swift; sourceTree = "<group>"; };
		3BD8D0831EF8AF0C00A75ABB /* PrefectureListDataStore.swift */ = {isa = PBXFileReference; fileEncoding = 4; lastKnownFileType = sourcecode.swift; path = PrefectureListDataStore.swift; sourceTree = "<group>"; };
		3BD8D0851EF8B1FC00A75ABB /* WeatherModel.swift */ = {isa = PBXFileReference; fileEncoding = 4; lastKnownFileType = sourcecode.swift; path = WeatherModel.swift; sourceTree = "<group>"; };
		3BD8D0871EF8B20600A75ABB /* PrefectureListModel.swift */ = {isa = PBXFileReference; fileEncoding = 4; lastKnownFileType = sourcecode.swift; path = PrefectureListModel.swift; sourceTree = "<group>"; };
		3BD8D0891EF8B32600A75ABB /* WeatherModelTranslator.swift */ = {isa = PBXFileReference; fileEncoding = 4; lastKnownFileType = sourcecode.swift; path = WeatherModelTranslator.swift; sourceTree = "<group>"; };
		3BD8D08B1EF8B33400A75ABB /* PrefectureListModelTranslator.swift */ = {isa = PBXFileReference; fileEncoding = 4; lastKnownFileType = sourcecode.swift; path = PrefectureListModelTranslator.swift; sourceTree = "<group>"; };
		3BD8D08D1EF8B36000A75ABB /* Translator.swift */ = {isa = PBXFileReference; fileEncoding = 4; lastKnownFileType = sourcecode.swift; path = Translator.swift; sourceTree = "<group>"; };
		3BD8D08F1EF8B8AC00A75ABB /* WeatherUseCase.swift */ = {isa = PBXFileReference; fileEncoding = 4; lastKnownFileType = sourcecode.swift; path = WeatherUseCase.swift; sourceTree = "<group>"; };
		3BD8D0911EF8BCA700A75ABB /* PrefectureListUseCase.swift */ = {isa = PBXFileReference; fileEncoding = 4; lastKnownFileType = sourcecode.swift; path = PrefectureListUseCase.swift; sourceTree = "<group>"; };
		3BD8D0981EF8BFCA00A75ABB /* PrefectureListCell.swift */ = {isa = PBXFileReference; fileEncoding = 4; lastKnownFileType = sourcecode.swift; path = PrefectureListCell.swift; sourceTree = "<group>"; };
		3BD8D09A1EF8C18300A75ABB /* PrefectureListViewModel.swift */ = {isa = PBXFileReference; fileEncoding = 4; lastKnownFileType = sourcecode.swift; path = PrefectureListViewModel.swift; sourceTree = "<group>"; };
		3BD8D09C1EF8DE3500A75ABB /* PrefectureListViewController.storyboard */ = {isa = PBXFileReference; fileEncoding = 4; lastKnownFileType = file.storyboard; path = PrefectureListViewController.storyboard; sourceTree = "<group>"; };
		3BD8D09E1EF8DE4000A75ABB /* PrefectureListViewController.swift */ = {isa = PBXFileReference; fileEncoding = 4; lastKnownFileType = sourcecode.swift; path = PrefectureListViewController.swift; sourceTree = "<group>"; };
		3BD8D0A11EF8E81300A75ABB /* PrefectureListRouting.swift */ = {isa = PBXFileReference; fileEncoding = 4; lastKnownFileType = sourcecode.swift; path = PrefectureListRouting.swift; sourceTree = "<group>"; };
		3BD8D0A31EF8E83500A75ABB /* Routing.swift */ = {isa = PBXFileReference; fileEncoding = 4; lastKnownFileType = sourcecode.swift; path = Routing.swift; sourceTree = "<group>"; };
		3BD8D0A51EF8EACD00A75ABB /* WeatherRouting.swift */ = {isa = PBXFileReference; fileEncoding = 4; lastKnownFileType = sourcecode.swift; path = WeatherRouting.swift; sourceTree = "<group>"; };
		3BD8D0A71EF8EB3500A75ABB /* WeatherPresenter.swift */ = {isa = PBXFileReference; fileEncoding = 4; lastKnownFileType = sourcecode.swift; path = WeatherPresenter.swift; sourceTree = "<group>"; };
		3BD8D0A91EF8ED2B00A75ABB /* WeatherViewController.storyboard */ = {isa = PBXFileReference; fileEncoding = 4; lastKnownFileType = file.storyboard; path = WeatherViewController.storyboard; sourceTree = "<group>"; };
		3BD8D0AB1EF8ED3600A75ABB /* WeatherViewController.swift */ = {isa = PBXFileReference; fileEncoding = 4; lastKnownFileType = sourcecode.swift; path = WeatherViewController.swift; sourceTree = "<group>"; };
		3BD8D0AD1EF8F09100A75ABB /* WeatherCell.swift */ = {isa = PBXFileReference; fileEncoding = 4; lastKnownFileType = sourcecode.swift; path = WeatherCell.swift; sourceTree = "<group>"; };
		3BD8D0AF1EF8F0A200A75ABB /* PrefectureListPresenter.swift */ = {isa = PBXFileReference; fileEncoding = 4; lastKnownFileType = sourcecode.swift; path = PrefectureListPresenter.swift; sourceTree = "<group>"; };
		3BD8D0B11EF8F0B400A75ABB /* WeatherViewModel.swift */ = {isa = PBXFileReference; fileEncoding = 4; lastKnownFileType = sourcecode.swift; path = WeatherViewModel.swift; sourceTree = "<group>"; };
		3BD8D0B31EF8FD9B00A75ABB /* StringExtension.swift */ = {isa = PBXFileReference; fileEncoding = 4; lastKnownFileType = sourcecode.swift; path = StringExtension.swift; sourceTree = "<group>"; };
		3BD8D0B51EF8FDCE00A75ABB /* UIColorExtension.swift */ = {isa = PBXFileReference; fileEncoding = 4; lastKnownFileType = sourcecode.swift; path = UIColorExtension.swift; sourceTree = "<group>"; };
		3BD8D0B71EF92C6F00A75ABB /* PrefectureViewModel.swift */ = {isa = PBXFileReference; fileEncoding = 4; lastKnownFileType = sourcecode.swift; path = PrefectureViewModel.swift; sourceTree = "<group>"; };
		3BD8D0B91EFA15E000A75ABB /* PrefectureModel.swift */ = {isa = PBXFileReference; fileEncoding = 4; lastKnownFileType = sourcecode.swift; path = PrefectureModel.swift; sourceTree = "<group>"; };
		3BD8D0BB1EFA6DB100A75ABB /* WeatherAlertCell.swift */ = {isa = PBXFileReference; fileEncoding = 4; lastKnownFileType = sourcecode.swift; path = WeatherAlertCell.swift; sourceTree = "<group>"; };
		3BD8D0BD1EFB5EA900A75ABB /* InformationViewController.storyboard */ = {isa = PBXFileReference; fileEncoding = 4; lastKnownFileType = file.storyboard; path = InformationViewController.storyboard; sourceTree = "<group>"; };
		3BD8D0BF1EFB5EB600A75ABB /* InformationViewController.swift */ = {isa = PBXFileReference; fileEncoding = 4; lastKnownFileType = sourcecode.swift; path = InformationViewController.swift; sourceTree = "<group>"; };
		3BD8D0C11EFB61DE00A75ABB /* SystemButton.swift */ = {isa = PBXFileReference; fileEncoding = 4; lastKnownFileType = sourcecode.swift; path = SystemButton.swift; sourceTree = "<group>"; };
		3BD8D0C31EFB67B400A75ABB /* InformationDataStore.swift */ = {isa = PBXFileReference; fileEncoding = 4; lastKnownFileType = sourcecode.swift; path = InformationDataStore.swift; sourceTree = "<group>"; };
		3BD8D0C51EFB67C300A75ABB /* InformationRepository.swift */ = {isa = PBXFileReference; fileEncoding = 4; lastKnownFileType = sourcecode.swift; path = InformationRepository.swift; sourceTree = "<group>"; };
		3BD8D0C71EFB67E500A75ABB /* InformationUseCase.swift */ = {isa = PBXFileReference; fileEncoding = 4; lastKnownFileType = sourcecode.swift; path = InformationUseCase.swift; sourceTree = "<group>"; };
		3BD8D0C91EFB680B00A75ABB /* InformationPresenter.swift */ = {isa = PBXFileReference; fileEncoding = 4; lastKnownFileType = sourcecode.swift; path = InformationPresenter.swift; sourceTree = "<group>"; };
		3BD8D0CB1EFB698C00A75ABB /* InformationNameCell.swift */ = {isa = PBXFileReference; fileEncoding = 4; lastKnownFileType = sourcecode.swift; path = InformationNameCell.swift; sourceTree = "<group>"; };
		3BD8D0CD1EFB69A000A75ABB /* InformationAddressCell.swift */ = {isa = PBXFileReference; fileEncoding = 4; lastKnownFileType = sourcecode.swift; path = InformationAddressCell.swift; sourceTree = "<group>"; };
		3BD8D0CF1EFB69DD00A75ABB /* InformationDescriptionCell.swift */ = {isa = PBXFileReference; fileEncoding = 4; lastKnownFileType = sourcecode.swift; path = InformationDescriptionCell.swift; sourceTree = "<group>"; };
		3BD8D0D11EFB69FA00A75ABB /* InformationSendCell.swift */ = {isa = PBXFileReference; fileEncoding = 4; lastKnownFileType = sourcecode.swift; path = InformationSendCell.swift; sourceTree = "<group>"; };
		3BD8D0D31EFB887800A75ABB /* InformationRouting.swift */ = {isa = PBXFileReference; fileEncoding = 4; lastKnownFileType = sourcecode.swift; path = InformationRouting.swift; sourceTree = "<group>"; };
		74D162CC0D5DBE51863802F8 /* Pods-hw_03UITests.debug.xcconfig */ = {isa = PBXFileReference; includeInIndex = 1; lastKnownFileType = text.xcconfig; name = "Pods-hw_03UITests.debug.xcconfig"; path = "Pods/Target Support Files/Pods-hw_03UITests/Pods-hw_03UITests.debug.xcconfig"; sourceTree = "<group>"; };
		7AF89AEF163DC2FE79EFDF1C /* Pods_hw_03UITests.framework */ = {isa = PBXFileReference; explicitFileType = wrapper.framework; includeInIndex = 0; path = Pods_hw_03UITests.framework; sourceTree = BUILT_PRODUCTS_DIR; };
		845C61947A91BB91C9CFBDA7 /* Pods-hw_03.release.xcconfig */ = {isa = PBXFileReference; includeInIndex = 1; lastKnownFileType = text.xcconfig; name = "Pods-hw_03.release.xcconfig"; path = "Pods/Target Support Files/Pods-hw_03/Pods-hw_03.release.xcconfig"; sourceTree = "<group>"; };
		AF7F2887D13828861AB80E3A /* Pods-hw_03.debug.xcconfig */ = {isa = PBXFileReference; includeInIndex = 1; lastKnownFileType = text.xcconfig; name = "Pods-hw_03.debug.xcconfig"; path = "Pods/Target Support Files/Pods-hw_03/Pods-hw_03.debug.xcconfig"; sourceTree = "<group>"; };
		D5967ED2A9ACE4AD6E41EA6E /* Pods_hw_03Tests.framework */ = {isa = PBXFileReference; explicitFileType = wrapper.framework; includeInIndex = 0; path = Pods_hw_03Tests.framework; sourceTree = BUILT_PRODUCTS_DIR; };
/* End PBXFileReference section */

/* Begin PBXFrameworksBuildPhase section */
		3B1848591EF7B46500C71E9B /* Frameworks */ = {
			isa = PBXFrameworksBuildPhase;
			buildActionMask = 2147483647;
			files = (
				7137C823D002A48BDB7BD82B /* Pods_hw_03.framework in Frameworks */,
			);
			runOnlyForDeploymentPostprocessing = 0;
		};
		3B18486D1EF7B46600C71E9B /* Frameworks */ = {
			isa = PBXFrameworksBuildPhase;
			buildActionMask = 2147483647;
			files = (
				8311790EC7C8F55603902D77 /* Pods_hw_03Tests.framework in Frameworks */,
			);
			runOnlyForDeploymentPostprocessing = 0;
		};
		3B1848781EF7B46600C71E9B /* Frameworks */ = {
			isa = PBXFrameworksBuildPhase;
			buildActionMask = 2147483647;
			files = (
				82B8AD71E02DB0271F926941 /* Pods_hw_03UITests.framework in Frameworks */,
			);
			runOnlyForDeploymentPostprocessing = 0;
		};
/* End PBXFrameworksBuildPhase section */

/* Begin PBXGroup section */
		3B1848531EF7B46500C71E9B = {
			isa = PBXGroup;
			children = (
				3B18485E1EF7B46500C71E9B /* hw_03 */,
				3B1848731EF7B46600C71E9B /* hw_03Tests */,
				3B18487E1EF7B46600C71E9B /* hw_03UITests */,
				3B18485D1EF7B46500C71E9B /* Products */,
				5DBE9BFE8346D25E7B9E9316 /* Pods */,
				9F03F2338F3B8261B61F6660 /* Frameworks */,
			);
			sourceTree = "<group>";
		};
		3B18485D1EF7B46500C71E9B /* Products */ = {
			isa = PBXGroup;
			children = (
				3B18485C1EF7B46500C71E9B /* hw_03.app */,
				3B1848701EF7B46600C71E9B /* hw_03Tests.xctest */,
				3B18487B1EF7B46600C71E9B /* hw_03UITests.xctest */,
			);
			name = Products;
			sourceTree = "<group>";
		};
		3B18485E1EF7B46500C71E9B /* hw_03 */ = {
			isa = PBXGroup;
			children = (
				3BD8D0931EF8BF3700A75ABB /* Presentation */,
				3BD8D07A1EF8AC5400A75ABB /* Domain */,
				3B18488D1EF7B98000C71E9B /* Data */,
				3BD8D0751EF8A94A00A75ABB /* Utility */,
				3B18485F1EF7B46500C71E9B /* AppDelegate.swift */,
				3B1848611EF7B46500C71E9B /* ViewController.swift */,
				3B1848661EF7B46500C71E9B /* Assets.xcassets */,
				3B1848681EF7B46500C71E9B /* LaunchScreen.storyboard */,
				3B18486B1EF7B46500C71E9B /* Info.plist */,
			);
			path = hw_03;
			sourceTree = "<group>";
		};
		3B1848731EF7B46600C71E9B /* hw_03Tests */ = {
			isa = PBXGroup;
			children = (
				3B1848741EF7B46600C71E9B /* hw_03Tests.swift */,
				3B1848761EF7B46600C71E9B /* Info.plist */,
			);
			path = hw_03Tests;
			sourceTree = "<group>";
		};
		3B18487E1EF7B46600C71E9B /* hw_03UITests */ = {
			isa = PBXGroup;
			children = (
				3B18487F1EF7B46600C71E9B /* hw_03UITests.swift */,
				3B1848811EF7B46600C71E9B /* Info.plist */,
			);
			path = hw_03UITests;
			sourceTree = "<group>";
		};
		3B18488D1EF7B98000C71E9B /* Data */ = {
			isa = PBXGroup;
			children = (
				3B31DA7C1EF7C35200854538 /* Request */,
				3B31DA7B1EF7C2DE00854538 /* Repository */,
				3B31DA7A1EF7C2CC00854538 /* Entity */,
				3B18488E1EF7B9A800C71E9B /* DataStore */,
			);
			path = Data;
			sourceTree = "<group>";
		};
		3B18488E1EF7B9A800C71E9B /* DataStore */ = {
			isa = PBXGroup;
			children = (
				3B31DA7D1EF7C3EA00854538 /* WeatherDataStore.swift */,
				3BD8D0831EF8AF0C00A75ABB /* PrefectureListDataStore.swift */,
				3BD8D0C31EFB67B400A75ABB /* InformationDataStore.swift */,
			);
			path = DataStore;
			sourceTree = "<group>";
		};
		3B31DA7A1EF7C2CC00854538 /* Entity */ = {
			isa = PBXGroup;
			children = (
				3B31DA7F1EF7C6AD00854538 /* WeatherEntity.swift */,
				3BD8D07F1EF8ADBD00A75ABB /* PrefectureListEntity.swift */,
			);
			name = Entity;
			path = DataStore/Entity;
			sourceTree = "<group>";
		};
		3B31DA7B1EF7C2DE00854538 /* Repository */ = {
			isa = PBXGroup;
			children = (
				3BD8D0781EF8AB3F00A75ABB /* WeatherRepository.swift */,
				3BD8D0811EF8AE5A00A75ABB /* PrefectureListRepository.swift */,
				3BD8D0C51EFB67C300A75ABB /* InformationRepository.swift */,
			);
			path = Repository;
			sourceTree = "<group>";
		};
		3B31DA7C1EF7C35200854538 /* Request */ = {
			isa = PBXGroup;
			children = (
				3BD8D0731EF8A49B00A75ABB /* WeatherNetworkRequest.swift */,
			);
			path = Request;
			sourceTree = "<group>";
		};
		3BD8D0751EF8A94A00A75ABB /* Utility */ = {
			isa = PBXGroup;
			children = (
				3BD8D0761EF8A95500A75ABB /* WeatherError.swift */,
				3BD8D0B31EF8FD9B00A75ABB /* StringExtension.swift */,
				3BD8D0B51EF8FDCE00A75ABB /* UIColorExtension.swift */,
				3BD8D0C11EFB61DE00A75ABB /* SystemButton.swift */,
			);
			path = Utility;
			sourceTree = "<group>";
		};
		3BD8D07A1EF8AC5400A75ABB /* Domain */ = {
			isa = PBXGroup;
			children = (
				3BD8D07E1EF8ACA300A75ABB /* Model */,
				3BD8D07C1EF8AC8500A75ABB /* Translator */,
				3BD8D07B1EF8AC6B00A75ABB /* UseCase */,
			);
			path = Domain;
			sourceTree = "<group>";
		};
		3BD8D07B1EF8AC6B00A75ABB /* UseCase */ = {
			isa = PBXGroup;
			children = (
				3BD8D08F1EF8B8AC00A75ABB /* WeatherUseCase.swift */,
				3BD8D0911EF8BCA700A75ABB /* PrefectureListUseCase.swift */,
				3BD8D0C71EFB67E500A75ABB /* InformationUseCase.swift */,
			);
			path = UseCase;
			sourceTree = "<group>";
		};
		3BD8D07C1EF8AC8500A75ABB /* Translator */ = {
			isa = PBXGroup;
			children = (
				3BD8D0891EF8B32600A75ABB /* WeatherModelTranslator.swift */,
				3BD8D08B1EF8B33400A75ABB /* PrefectureListModelTranslator.swift */,
				3BD8D08D1EF8B36000A75ABB /* Translator.swift */,
			);
			path = Translator;
			sourceTree = "<group>";
		};
		3BD8D07E1EF8ACA300A75ABB /* Model */ = {
			isa = PBXGroup;
			children = (
				3BD8D0851EF8B1FC00A75ABB /* WeatherModel.swift */,
				3BD8D0871EF8B20600A75ABB /* PrefectureListModel.swift */,
				3BD8D0B91EFA15E000A75ABB /* PrefectureModel.swift */,
			);
			path = Model;
			sourceTree = "<group>";
		};
		3BD8D0931EF8BF3700A75ABB /* Presentation */ = {
			isa = PBXGroup;
			children = (
				3BD8D0A01EF8E7E200A75ABB /* Routing */,
				3BD8D0941EF8BF5100A75ABB /* Presenter */,
				3BD8D0951EF8BF5B00A75ABB /* View */,
				3BD8D0961EF8BF6600A75ABB /* ViewController */,
				3BD8D0971EF8BF7300A75ABB /* ViewModel */,
			);
			path = Presentation;
			sourceTree = "<group>";
		};
		3BD8D0941EF8BF5100A75ABB /* Presenter */ = {
			isa = PBXGroup;
			children = (
				3BD8D0A71EF8EB3500A75ABB /* WeatherPresenter.swift */,
				3BD8D0AF1EF8F0A200A75ABB /* PrefectureListPresenter.swift */,
				3BD8D0C91EFB680B00A75ABB /* InformationPresenter.swift */,
			);
			path = Presenter;
			sourceTree = "<group>";
		};
		3BD8D0951EF8BF5B00A75ABB /* View */ = {
			isa = PBXGroup;
			children = (
				3BD8D0AD1EF8F09100A75ABB /* WeatherCell.swift */,
				3BD8D0981EF8BFCA00A75ABB /* PrefectureListCell.swift */,
				3BD8D0BB1EFA6DB100A75ABB /* WeatherAlertCell.swift */,
				3BD8D0CB1EFB698C00A75ABB /* InformationNameCell.swift */,
				3BD8D0CD1EFB69A000A75ABB /* InformationAddressCell.swift */,
				3BD8D0CF1EFB69DD00A75ABB /* InformationDescriptionCell.swift */,
				3BD8D0D11EFB69FA00A75ABB /* InformationSendCell.swift */,
			);
			path = View;
			sourceTree = "<group>";
		};
		3BD8D0961EF8BF6600A75ABB /* ViewController */ = {
			isa = PBXGroup;
			children = (
				3BD8D09C1EF8DE3500A75ABB /* PrefectureListViewController.storyboard */,
				3BD8D09E1EF8DE4000A75ABB /* PrefectureListViewController.swift */,
				3BD8D0A91EF8ED2B00A75ABB /* WeatherViewController.storyboard */,
				3BD8D0AB1EF8ED3600A75ABB /* WeatherViewController.swift */,
				3BD8D0BD1EFB5EA900A75ABB /* InformationViewController.storyboard */,
				3BD8D0BF1EFB5EB600A75ABB /* InformationViewController.swift */,
			);
			name = ViewController;
			path = hw_03/Presentation/ViewController;
			sourceTree = SOURCE_ROOT;
		};
		3BD8D0971EF8BF7300A75ABB /* ViewModel */ = {
			isa = PBXGroup;
			children = (
				3BD8D0B11EF8F0B400A75ABB /* WeatherViewModel.swift */,
				3BD8D09A1EF8C18300A75ABB /* PrefectureListViewModel.swift */,
				3BD8D0B71EF92C6F00A75ABB /* PrefectureViewModel.swift */,
			);
			path = ViewModel;
			sourceTree = "<group>";
		};
		3BD8D0A01EF8E7E200A75ABB /* Routing */ = {
			isa = PBXGroup;
			children = (
				3BD8D0A51EF8EACD00A75ABB /* WeatherRouting.swift */,
				3BD8D0A11EF8E81300A75ABB /* PrefectureListRouting.swift */,
				3BD8D0A31EF8E83500A75ABB /* Routing.swift */,
				3BD8D0D31EFB887800A75ABB /* InformationRouting.swift */,
			);
			path = Routing;
			sourceTree = "<group>";
		};
		5DBE9BFE8346D25E7B9E9316 /* Pods */ = {
			isa = PBXGroup;
			children = (
				AF7F2887D13828861AB80E3A /* Pods-hw_03.debug.xcconfig */,
				845C61947A91BB91C9CFBDA7 /* Pods-hw_03.release.xcconfig */,
				184F36C8118C8C5E91C65B38 /* Pods-hw_03Tests.debug.xcconfig */,
				00C5415A897189B83311833E /* Pods-hw_03Tests.release.xcconfig */,
				74D162CC0D5DBE51863802F8 /* Pods-hw_03UITests.debug.xcconfig */,
				11F673801586A7B9DE2F517F /* Pods-hw_03UITests.release.xcconfig */,
			);
			name = Pods;
			sourceTree = "<group>";
		};
		9F03F2338F3B8261B61F6660 /* Frameworks */ = {
			isa = PBXGroup;
			children = (
				07F695CCE24E8537659D5029 /* Pods_hw_03.framework */,
				D5967ED2A9ACE4AD6E41EA6E /* Pods_hw_03Tests.framework */,
				7AF89AEF163DC2FE79EFDF1C /* Pods_hw_03UITests.framework */,
			);
			name = Frameworks;
			sourceTree = "<group>";
		};
/* End PBXGroup section */

/* Begin PBXNativeTarget section */
		3B18485B1EF7B46500C71E9B /* hw_03 */ = {
			isa = PBXNativeTarget;
			buildConfigurationList = 3B1848841EF7B46600C71E9B /* Build configuration list for PBXNativeTarget "hw_03" */;
			buildPhases = (
				DC3DA7BFE99A916602C5BD17 /* [CP] Check Pods Manifest.lock */,
				3B1848581EF7B46500C71E9B /* Sources */,
				3B1848591EF7B46500C71E9B /* Frameworks */,
				3B18485A1EF7B46500C71E9B /* Resources */,
				F778754C1ECAA15180A4EC9E /* [CP] Embed Pods Frameworks */,
				E33579D09D8FAD1B943B0DE4 /* [CP] Copy Pods Resources */,
			);
			buildRules = (
			);
			dependencies = (
			);
			name = hw_03;
			productName = hw_03;
			productReference = 3B18485C1EF7B46500C71E9B /* hw_03.app */;
			productType = "com.apple.product-type.application";
		};
		3B18486F1EF7B46600C71E9B /* hw_03Tests */ = {
			isa = PBXNativeTarget;
			buildConfigurationList = 3B1848871EF7B46600C71E9B /* Build configuration list for PBXNativeTarget "hw_03Tests" */;
			buildPhases = (
				17D635C595626226CE4099A2 /* [CP] Check Pods Manifest.lock */,
				3B18486C1EF7B46600C71E9B /* Sources */,
				3B18486D1EF7B46600C71E9B /* Frameworks */,
				3B18486E1EF7B46600C71E9B /* Resources */,
				349175599BC9CBA7117D5398 /* [CP] Embed Pods Frameworks */,
				43F39B54D02BE6B1C02FBDCF /* [CP] Copy Pods Resources */,
			);
			buildRules = (
			);
			dependencies = (
				3B1848721EF7B46600C71E9B /* PBXTargetDependency */,
			);
			name = hw_03Tests;
			productName = hw_03Tests;
			productReference = 3B1848701EF7B46600C71E9B /* hw_03Tests.xctest */;
			productType = "com.apple.product-type.bundle.unit-test";
		};
		3B18487A1EF7B46600C71E9B /* hw_03UITests */ = {
			isa = PBXNativeTarget;
			buildConfigurationList = 3B18488A1EF7B46600C71E9B /* Build configuration list for PBXNativeTarget "hw_03UITests" */;
			buildPhases = (
				B41EF50FE833E9B38200CE97 /* [CP] Check Pods Manifest.lock */,
				3B1848771EF7B46600C71E9B /* Sources */,
				3B1848781EF7B46600C71E9B /* Frameworks */,
				3B1848791EF7B46600C71E9B /* Resources */,
				3DA1447B4174F78E8E005614 /* [CP] Embed Pods Frameworks */,
				0CC22E030F042B31724159D3 /* [CP] Copy Pods Resources */,
			);
			buildRules = (
			);
			dependencies = (
				3B18487D1EF7B46600C71E9B /* PBXTargetDependency */,
			);
			name = hw_03UITests;
			productName = hw_03UITests;
			productReference = 3B18487B1EF7B46600C71E9B /* hw_03UITests.xctest */;
			productType = "com.apple.product-type.bundle.ui-testing";
		};
/* End PBXNativeTarget section */

/* Begin PBXProject section */
		3B1848541EF7B46500C71E9B /* Project object */ = {
			isa = PBXProject;
			attributes = {
				LastSwiftUpdateCheck = 0830;
				LastUpgradeCheck = 0830;
				ORGANIZATIONNAME = taka;
				TargetAttributes = {
					3B18485B1EF7B46500C71E9B = {
						CreatedOnToolsVersion = 8.3.3;
						DevelopmentTeam = E37YH96M9E;
						ProvisioningStyle = Automatic;
					};
					3B18486F1EF7B46600C71E9B = {
						CreatedOnToolsVersion = 8.3.3;
						DevelopmentTeam = E37YH96M9E;
						ProvisioningStyle = Automatic;
						TestTargetID = 3B18485B1EF7B46500C71E9B;
					};
					3B18487A1EF7B46600C71E9B = {
						CreatedOnToolsVersion = 8.3.3;
						DevelopmentTeam = E37YH96M9E;
						ProvisioningStyle = Automatic;
						TestTargetID = 3B18485B1EF7B46500C71E9B;
					};
				};
			};
			buildConfigurationList = 3B1848571EF7B46500C71E9B /* Build configuration list for PBXProject "hw_03" */;
			compatibilityVersion = "Xcode 3.2";
			developmentRegion = English;
			hasScannedForEncodings = 0;
			knownRegions = (
				en,
				Base,
			);
			mainGroup = 3B1848531EF7B46500C71E9B;
			productRefGroup = 3B18485D1EF7B46500C71E9B /* Products */;
			projectDirPath = "";
			projectRoot = "";
			targets = (
				3B18485B1EF7B46500C71E9B /* hw_03 */,
				3B18486F1EF7B46600C71E9B /* hw_03Tests */,
				3B18487A1EF7B46600C71E9B /* hw_03UITests */,
			);
		};
/* End PBXProject section */

/* Begin PBXResourcesBuildPhase section */
		3B18485A1EF7B46500C71E9B /* Resources */ = {
			isa = PBXResourcesBuildPhase;
			buildActionMask = 2147483647;
			files = (
				3BD8D0BE1EFB5EA900A75ABB /* InformationViewController.storyboard in Resources */,
				3BD8D0AA1EF8ED2B00A75ABB /* WeatherViewController.storyboard in Resources */,
				3BD8D09D1EF8DE3500A75ABB /* PrefectureListViewController.storyboard in Resources */,
				3B18486A1EF7B46500C71E9B /* LaunchScreen.storyboard in Resources */,
				3B1848671EF7B46500C71E9B /* Assets.xcassets in Resources */,
			);
			runOnlyForDeploymentPostprocessing = 0;
		};
		3B18486E1EF7B46600C71E9B /* Resources */ = {
			isa = PBXResourcesBuildPhase;
			buildActionMask = 2147483647;
			files = (
			);
			runOnlyForDeploymentPostprocessing = 0;
		};
		3B1848791EF7B46600C71E9B /* Resources */ = {
			isa = PBXResourcesBuildPhase;
			buildActionMask = 2147483647;
			files = (
			);
			runOnlyForDeploymentPostprocessing = 0;
		};
/* End PBXResourcesBuildPhase section */

/* Begin PBXShellScriptBuildPhase section */
		0CC22E030F042B31724159D3 /* [CP] Copy Pods Resources */ = {
			isa = PBXShellScriptBuildPhase;
			buildActionMask = 2147483647;
			files = (
			);
			inputPaths = (
			);
			name = "[CP] Copy Pods Resources";
			outputPaths = (
			);
			runOnlyForDeploymentPostprocessing = 0;
			shellPath = /bin/sh;
			shellScript = "\"${SRCROOT}/Pods/Target Support Files/Pods-hw_03UITests/Pods-hw_03UITests-resources.sh\"\n";
			showEnvVarsInLog = 0;
		};
		17D635C595626226CE4099A2 /* [CP] Check Pods Manifest.lock */ = {
			isa = PBXShellScriptBuildPhase;
			buildActionMask = 2147483647;
			files = (
			);
			inputPaths = (
			);
			name = "[CP] Check Pods Manifest.lock";
			outputPaths = (
			);
			runOnlyForDeploymentPostprocessing = 0;
			shellPath = /bin/sh;
			shellScript = "diff \"${PODS_PODFILE_DIR_PATH}/Podfile.lock\" \"${PODS_ROOT}/Manifest.lock\" > /dev/null\nif [ $? != 0 ] ; then\n    # print error to STDERR\n    echo \"error: The sandbox is not in sync with the Podfile.lock. Run 'pod install' or update your CocoaPods installation.\" >&2\n    exit 1\nfi\n";
			showEnvVarsInLog = 0;
		};
		349175599BC9CBA7117D5398 /* [CP] Embed Pods Frameworks */ = {
			isa = PBXShellScriptBuildPhase;
			buildActionMask = 2147483647;
			files = (
			);
			inputPaths = (
			);
			name = "[CP] Embed Pods Frameworks";
			outputPaths = (
			);
			runOnlyForDeploymentPostprocessing = 0;
			shellPath = /bin/sh;
			shellScript = "\"${SRCROOT}/Pods/Target Support Files/Pods-hw_03Tests/Pods-hw_03Tests-frameworks.sh\"\n";
			showEnvVarsInLog = 0;
		};
		3DA1447B4174F78E8E005614 /* [CP] Embed Pods Frameworks */ = {
			isa = PBXShellScriptBuildPhase;
			buildActionMask = 2147483647;
			files = (
			);
			inputPaths = (
			);
			name = "[CP] Embed Pods Frameworks";
			outputPaths = (
			);
			runOnlyForDeploymentPostprocessing = 0;
			shellPath = /bin/sh;
			shellScript = "\"${SRCROOT}/Pods/Target Support Files/Pods-hw_03UITests/Pods-hw_03UITests-frameworks.sh\"\n";
			showEnvVarsInLog = 0;
		};
		43F39B54D02BE6B1C02FBDCF /* [CP] Copy Pods Resources */ = {
			isa = PBXShellScriptBuildPhase;
			buildActionMask = 2147483647;
			files = (
			);
			inputPaths = (
			);
			name = "[CP] Copy Pods Resources";
			outputPaths = (
			);
			runOnlyForDeploymentPostprocessing = 0;
			shellPath = /bin/sh;
			shellScript = "\"${SRCROOT}/Pods/Target Support Files/Pods-hw_03Tests/Pods-hw_03Tests-resources.sh\"\n";
			showEnvVarsInLog = 0;
		};
		B41EF50FE833E9B38200CE97 /* [CP] Check Pods Manifest.lock */ = {
			isa = PBXShellScriptBuildPhase;
			buildActionMask = 2147483647;
			files = (
			);
			inputPaths = (
			);
			name = "[CP] Check Pods Manifest.lock";
			outputPaths = (
			);
			runOnlyForDeploymentPostprocessing = 0;
			shellPath = /bin/sh;
			shellScript = "diff \"${PODS_PODFILE_DIR_PATH}/Podfile.lock\" \"${PODS_ROOT}/Manifest.lock\" > /dev/null\nif [ $? != 0 ] ; then\n    # print error to STDERR\n    echo \"error: The sandbox is not in sync with the Podfile.lock. Run 'pod install' or update your CocoaPods installation.\" >&2\n    exit 1\nfi\n";
			showEnvVarsInLog = 0;
		};
		DC3DA7BFE99A916602C5BD17 /* [CP] Check Pods Manifest.lock */ = {
			isa = PBXShellScriptBuildPhase;
			buildActionMask = 2147483647;
			files = (
			);
			inputPaths = (
			);
			name = "[CP] Check Pods Manifest.lock";
			outputPaths = (
			);
			runOnlyForDeploymentPostprocessing = 0;
			shellPath = /bin/sh;
			shellScript = "diff \"${PODS_PODFILE_DIR_PATH}/Podfile.lock\" \"${PODS_ROOT}/Manifest.lock\" > /dev/null\nif [ $? != 0 ] ; then\n    # print error to STDERR\n    echo \"error: The sandbox is not in sync with the Podfile.lock. Run 'pod install' or update your CocoaPods installation.\" >&2\n    exit 1\nfi\n";
			showEnvVarsInLog = 0;
		};
		E33579D09D8FAD1B943B0DE4 /* [CP] Copy Pods Resources */ = {
			isa = PBXShellScriptBuildPhase;
			buildActionMask = 2147483647;
			files = (
			);
			inputPaths = (
			);
			name = "[CP] Copy Pods Resources";
			outputPaths = (
			);
			runOnlyForDeploymentPostprocessing = 0;
			shellPath = /bin/sh;
			shellScript = "\"${SRCROOT}/Pods/Target Support Files/Pods-hw_03/Pods-hw_03-resources.sh\"\n";
			showEnvVarsInLog = 0;
		};
		F778754C1ECAA15180A4EC9E /* [CP] Embed Pods Frameworks */ = {
			isa = PBXShellScriptBuildPhase;
			buildActionMask = 2147483647;
			files = (
			);
			inputPaths = (
			);
			name = "[CP] Embed Pods Frameworks";
			outputPaths = (
			);
			runOnlyForDeploymentPostprocessing = 0;
			shellPath = /bin/sh;
			shellScript = "\"${SRCROOT}/Pods/Target Support Files/Pods-hw_03/Pods-hw_03-frameworks.sh\"\n";
			showEnvVarsInLog = 0;
		};
/* End PBXShellScriptBuildPhase section */

/* Begin PBXSourcesBuildPhase section */
		3B1848581EF7B46500C71E9B /* Sources */ = {
			isa = PBXSourcesBuildPhase;
			buildActionMask = 2147483647;
			files = (
				3BD8D0B81EF92C6F00A75ABB /* PrefectureViewModel.swift in Sources */,
				3BD8D0791EF8AB3F00A75ABB /* WeatherRepository.swift in Sources */,
				3BD8D0A81EF8EB3500A75ABB /* WeatherPresenter.swift in Sources */,
				3BD8D09F1EF8DE4000A75ABB /* PrefectureListViewController.swift in Sources */,
				3BD8D0BC1EFA6DB100A75ABB /* WeatherAlertCell.swift in Sources */,
				3B31DA7E1EF7C3EA00854538 /* WeatherDataStore.swift in Sources */,
				3BD8D0AE1EF8F09100A75ABB /* WeatherCell.swift in Sources */,
				3BD8D09B1EF8C18300A75ABB /* PrefectureListViewModel.swift in Sources */,
				3BD8D0771EF8A95500A75ABB /* WeatherError.swift in Sources */,
				3BD8D0D41EFB887800A75ABB /* InformationRouting.swift in Sources */,
				3BD8D0921EF8BCA700A75ABB /* PrefectureListUseCase.swift in Sources */,
				3BD8D0C81EFB67E500A75ABB /* InformationUseCase.swift in Sources */,
				3BD8D0CC1EFB698C00A75ABB /* InformationNameCell.swift in Sources */,
				3BD8D0C41EFB67B400A75ABB /* InformationDataStore.swift in Sources */,
				3BD8D0D21EFB69FA00A75ABB /* InformationSendCell.swift in Sources */,
				3BD8D0821EF8AE5A00A75ABB /* PrefectureListRepository.swift in Sources */,
				3BD8D0801EF8ADBD00A75ABB /* PrefectureListEntity.swift in Sources */,
				3BD8D08A1EF8B32600A75ABB /* WeatherModelTranslator.swift in Sources */,
				3BD8D0C61EFB67C300A75ABB /* InformationRepository.swift in Sources */,
				3BD8D0B01EF8F0A200A75ABB /* PrefectureListPresenter.swift in Sources */,
				3BD8D0B41EF8FD9B00A75ABB /* StringExtension.swift in Sources */,
				3BD8D0A61EF8EACD00A75ABB /* WeatherRouting.swift in Sources */,
				3B1848621EF7B46500C71E9B /* ViewController.swift in Sources */,
				3BD8D0A21EF8E81300A75ABB /* PrefectureListRouting.swift in Sources */,
				3BD8D08E1EF8B36000A75ABB /* Translator.swift in Sources */,
				3BD8D0B61EF8FDCE00A75ABB /* UIColorExtension.swift in Sources */,
				3BD8D0901EF8B8AC00A75ABB /* WeatherUseCase.swift in Sources */,
				3BD8D0C21EFB61DE00A75ABB /* SystemButton.swift in Sources */,
				3BD8D0B21EF8F0B400A75ABB /* WeatherViewModel.swift in Sources */,
				3BD8D0881EF8B20600A75ABB /* PrefectureListModel.swift in Sources */,
				3BD8D0CA1EFB680B00A75ABB /* InformationPresenter.swift in Sources */,
				3BD8D0BA1EFA15E000A75ABB /* PrefectureModel.swift in Sources */,
				3BD8D0AC1EF8ED3600A75ABB /* WeatherViewController.swift in Sources */,
				3BD8D0CE1EFB69A000A75ABB /* InformationAddressCell.swift in Sources */,
				3B1848601EF7B46500C71E9B /* AppDelegate.swift in Sources */,
				3BD8D0991EF8BFCA00A75ABB /* PrefectureListCell.swift in Sources */,
				3BD8D0A41EF8E83500A75ABB /* Routing.swift in Sources */,
				3B31DA801EF7C6AD00854538 /* WeatherEntity.swift in Sources */,
				3BD8D08C1EF8B33400A75ABB /* PrefectureListModelTranslator.swift in Sources */,
				3BD8D0841EF8AF0C00A75ABB /* PrefectureListDataStore.swift in Sources */,
				3BD8D0D01EFB69DD00A75ABB /* InformationDescriptionCell.swift in Sources */,
				3BD8D0741EF8A49B00A75ABB /* WeatherNetworkRequest.swift in Sources */,
				3BD8D0861EF8B1FC00A75ABB /* WeatherModel.swift in Sources */,
				3BD8D0C01EFB5EB600A75ABB /* InformationViewController.swift in Sources */,
			);
			runOnlyForDeploymentPostprocessing = 0;
		};
		3B18486C1EF7B46600C71E9B /* Sources */ = {
			isa = PBXSourcesBuildPhase;
			buildActionMask = 2147483647;
			files = (
				3B1848751EF7B46600C71E9B /* hw_03Tests.swift in Sources */,
			);
			runOnlyForDeploymentPostprocessing = 0;
		};
		3B1848771EF7B46600C71E9B /* Sources */ = {
			isa = PBXSourcesBuildPhase;
			buildActionMask = 2147483647;
			files = (
				3B1848801EF7B46600C71E9B /* hw_03UITests.swift in Sources */,
			);
			runOnlyForDeploymentPostprocessing = 0;
		};
/* End PBXSourcesBuildPhase section */

/* Begin PBXTargetDependency section */
		3B1848721EF7B46600C71E9B /* PBXTargetDependency */ = {
			isa = PBXTargetDependency;
			target = 3B18485B1EF7B46500C71E9B /* hw_03 */;
			targetProxy = 3B1848711EF7B46600C71E9B /* PBXContainerItemProxy */;
		};
		3B18487D1EF7B46600C71E9B /* PBXTargetDependency */ = {
			isa = PBXTargetDependency;
			target = 3B18485B1EF7B46500C71E9B /* hw_03 */;
			targetProxy = 3B18487C1EF7B46600C71E9B /* PBXContainerItemProxy */;
		};
/* End PBXTargetDependency section */

/* Begin PBXVariantGroup section */
		3B1848681EF7B46500C71E9B /* LaunchScreen.storyboard */ = {
			isa = PBXVariantGroup;
			children = (
				3B1848691EF7B46500C71E9B /* Base */,
			);
			name = LaunchScreen.storyboard;
			sourceTree = "<group>";
		};
/* End PBXVariantGroup section */

/* Begin XCBuildConfiguration section */
		3B1848821EF7B46600C71E9B /* Debug */ = {
			isa = XCBuildConfiguration;
			buildSettings = {
				ALWAYS_SEARCH_USER_PATHS = NO;
				CLANG_ANALYZER_NONNULL = YES;
				CLANG_ANALYZER_NUMBER_OBJECT_CONVERSION = YES_AGGRESSIVE;
				CLANG_CXX_LANGUAGE_STANDARD = "gnu++0x";
				CLANG_CXX_LIBRARY = "libc++";
				CLANG_ENABLE_MODULES = YES;
				CLANG_ENABLE_OBJC_ARC = YES;
				CLANG_WARN_BOOL_CONVERSION = YES;
				CLANG_WARN_CONSTANT_CONVERSION = YES;
				CLANG_WARN_DIRECT_OBJC_ISA_USAGE = YES_ERROR;
				CLANG_WARN_DOCUMENTATION_COMMENTS = YES;
				CLANG_WARN_EMPTY_BODY = YES;
				CLANG_WARN_ENUM_CONVERSION = YES;
				CLANG_WARN_INFINITE_RECURSION = YES;
				CLANG_WARN_INT_CONVERSION = YES;
				CLANG_WARN_OBJC_ROOT_CLASS = YES_ERROR;
				CLANG_WARN_SUSPICIOUS_MOVE = YES;
				CLANG_WARN_UNREACHABLE_CODE = YES;
				CLANG_WARN__DUPLICATE_METHOD_MATCH = YES;
				"CODE_SIGN_IDENTITY[sdk=iphoneos*]" = "iPhone Developer";
				COPY_PHASE_STRIP = NO;
				DEBUG_INFORMATION_FORMAT = dwarf;
				ENABLE_STRICT_OBJC_MSGSEND = YES;
				ENABLE_TESTABILITY = YES;
				GCC_C_LANGUAGE_STANDARD = gnu99;
				GCC_DYNAMIC_NO_PIC = NO;
				GCC_NO_COMMON_BLOCKS = YES;
				GCC_OPTIMIZATION_LEVEL = 0;
				GCC_PREPROCESSOR_DEFINITIONS = (
					"DEBUG=1",
					"$(inherited)",
				);
				GCC_WARN_64_TO_32_BIT_CONVERSION = YES;
				GCC_WARN_ABOUT_RETURN_TYPE = YES_ERROR;
				GCC_WARN_UNDECLARED_SELECTOR = YES;
				GCC_WARN_UNINITIALIZED_AUTOS = YES_AGGRESSIVE;
				GCC_WARN_UNUSED_FUNCTION = YES;
				GCC_WARN_UNUSED_VARIABLE = YES;
				IPHONEOS_DEPLOYMENT_TARGET = 10.3;
				MTL_ENABLE_DEBUG_INFO = YES;
				ONLY_ACTIVE_ARCH = YES;
				SDKROOT = iphoneos;
				SWIFT_ACTIVE_COMPILATION_CONDITIONS = DEBUG;
				SWIFT_OPTIMIZATION_LEVEL = "-Onone";
			};
			name = Debug;
		};
		3B1848831EF7B46600C71E9B /* Release */ = {
			isa = XCBuildConfiguration;
			buildSettings = {
				ALWAYS_SEARCH_USER_PATHS = NO;
				CLANG_ANALYZER_NONNULL = YES;
				CLANG_ANALYZER_NUMBER_OBJECT_CONVERSION = YES_AGGRESSIVE;
				CLANG_CXX_LANGUAGE_STANDARD = "gnu++0x";
				CLANG_CXX_LIBRARY = "libc++";
				CLANG_ENABLE_MODULES = YES;
				CLANG_ENABLE_OBJC_ARC = YES;
				CLANG_WARN_BOOL_CONVERSION = YES;
				CLANG_WARN_CONSTANT_CONVERSION = YES;
				CLANG_WARN_DIRECT_OBJC_ISA_USAGE = YES_ERROR;
				CLANG_WARN_DOCUMENTATION_COMMENTS = YES;
				CLANG_WARN_EMPTY_BODY = YES;
				CLANG_WARN_ENUM_CONVERSION = YES;
				CLANG_WARN_INFINITE_RECURSION = YES;
				CLANG_WARN_INT_CONVERSION = YES;
				CLANG_WARN_OBJC_ROOT_CLASS = YES_ERROR;
				CLANG_WARN_SUSPICIOUS_MOVE = YES;
				CLANG_WARN_UNREACHABLE_CODE = YES;
				CLANG_WARN__DUPLICATE_METHOD_MATCH = YES;
				"CODE_SIGN_IDENTITY[sdk=iphoneos*]" = "iPhone Developer";
				COPY_PHASE_STRIP = NO;
				DEBUG_INFORMATION_FORMAT = "dwarf-with-dsym";
				ENABLE_NS_ASSERTIONS = NO;
				ENABLE_STRICT_OBJC_MSGSEND = YES;
				GCC_C_LANGUAGE_STANDARD = gnu99;
				GCC_NO_COMMON_BLOCKS = YES;
				GCC_WARN_64_TO_32_BIT_CONVERSION = YES;
				GCC_WARN_ABOUT_RETURN_TYPE = YES_ERROR;
				GCC_WARN_UNDECLARED_SELECTOR = YES;
				GCC_WARN_UNINITIALIZED_AUTOS = YES_AGGRESSIVE;
				GCC_WARN_UNUSED_FUNCTION = YES;
				GCC_WARN_UNUSED_VARIABLE = YES;
				IPHONEOS_DEPLOYMENT_TARGET = 10.3;
				MTL_ENABLE_DEBUG_INFO = NO;
				SDKROOT = iphoneos;
				SWIFT_OPTIMIZATION_LEVEL = "-Owholemodule";
				VALIDATE_PRODUCT = YES;
			};
			name = Release;
		};
		3B1848851EF7B46600C71E9B /* Debug */ = {
			isa = XCBuildConfiguration;
			baseConfigurationReference = AF7F2887D13828861AB80E3A /* Pods-hw_03.debug.xcconfig */;
			buildSettings = {
				ASSETCATALOG_COMPILER_APPICON_NAME = AppIcon;
				DEVELOPMENT_TEAM = E37YH96M9E;
				INFOPLIST_FILE = hw_03/Info.plist;
				LD_RUNPATH_SEARCH_PATHS = "$(inherited) @executable_path/Frameworks";
				PRODUCT_BUNDLE_IDENTIFIER = "com.taka.hw-03";
				PRODUCT_NAME = "$(TARGET_NAME)";
				SWIFT_VERSION = 3.0;
			};
			name = Debug;
		};
		3B1848861EF7B46600C71E9B /* Release */ = {
			isa = XCBuildConfiguration;
			baseConfigurationReference = 845C61947A91BB91C9CFBDA7 /* Pods-hw_03.release.xcconfig */;
			buildSettings = {
				ASSETCATALOG_COMPILER_APPICON_NAME = AppIcon;
				DEVELOPMENT_TEAM = E37YH96M9E;
				INFOPLIST_FILE = hw_03/Info.plist;
				LD_RUNPATH_SEARCH_PATHS = "$(inherited) @executable_path/Frameworks";
				PRODUCT_BUNDLE_IDENTIFIER = "com.taka.hw-03";
				PRODUCT_NAME = "$(TARGET_NAME)";
				SWIFT_VERSION = 3.0;
			};
			name = Release;
		};
		3B1848881EF7B46600C71E9B /* Debug */ = {
			isa = XCBuildConfiguration;
			baseConfigurationReference = 184F36C8118C8C5E91C65B38 /* Pods-hw_03Tests.debug.xcconfig */;
			buildSettings = {
				ALWAYS_EMBED_SWIFT_STANDARD_LIBRARIES = YES;
				BUNDLE_LOADER = "$(TEST_HOST)";
				DEVELOPMENT_TEAM = E37YH96M9E;
				INFOPLIST_FILE = hw_03Tests/Info.plist;
				LD_RUNPATH_SEARCH_PATHS = "$(inherited) @executable_path/Frameworks @loader_path/Frameworks";
				PRODUCT_BUNDLE_IDENTIFIER = "com.taka.hw-03Tests";
				PRODUCT_NAME = "$(TARGET_NAME)";
				SWIFT_VERSION = 3.0;
				TEST_HOST = "$(BUILT_PRODUCTS_DIR)/hw_03.app/hw_03";
			};
			name = Debug;
		};
		3B1848891EF7B46600C71E9B /* Release */ = {
			isa = XCBuildConfiguration;
			baseConfigurationReference = 00C5415A897189B83311833E /* Pods-hw_03Tests.release.xcconfig */;
			buildSettings = {
				ALWAYS_EMBED_SWIFT_STANDARD_LIBRARIES = YES;
				BUNDLE_LOADER = "$(TEST_HOST)";
				DEVELOPMENT_TEAM = E37YH96M9E;
				INFOPLIST_FILE = hw_03Tests/Info.plist;
				LD_RUNPATH_SEARCH_PATHS = "$(inherited) @executable_path/Frameworks @loader_path/Frameworks";
				PRODUCT_BUNDLE_IDENTIFIER = "com.taka.hw-03Tests";
				PRODUCT_NAME = "$(TARGET_NAME)";
				SWIFT_VERSION = 3.0;
				TEST_HOST = "$(BUILT_PRODUCTS_DIR)/hw_03.app/hw_03";
			};
			name = Release;
		};
		3B18488B1EF7B46600C71E9B /* Debug */ = {
			isa = XCBuildConfiguration;
			baseConfigurationReference = 74D162CC0D5DBE51863802F8 /* Pods-hw_03UITests.debug.xcconfig */;
			buildSettings = {
				ALWAYS_EMBED_SWIFT_STANDARD_LIBRARIES = YES;
				DEVELOPMENT_TEAM = E37YH96M9E;
				INFOPLIST_FILE = hw_03UITests/Info.plist;
				LD_RUNPATH_SEARCH_PATHS = "$(inherited) @executable_path/Frameworks @loader_path/Frameworks";
				PRODUCT_BUNDLE_IDENTIFIER = "com.taka.hw-03UITests";
				PRODUCT_NAME = "$(TARGET_NAME)";
				SWIFT_VERSION = 3.0;
				TEST_TARGET_NAME = hw_03;
			};
			name = Debug;
		};
		3B18488C1EF7B46600C71E9B /* Release */ = {
			isa = XCBuildConfiguration;
			baseConfigurationReference = 11F673801586A7B9DE2F517F /* Pods-hw_03UITests.release.xcconfig */;
			buildSettings = {
				ALWAYS_EMBED_SWIFT_STANDARD_LIBRARIES = YES;
				DEVELOPMENT_TEAM = E37YH96M9E;
				INFOPLIST_FILE = hw_03UITests/Info.plist;
				LD_RUNPATH_SEARCH_PATHS = "$(inherited) @executable_path/Frameworks @loader_path/Frameworks";
				PRODUCT_BUNDLE_IDENTIFIER = "com.taka.hw-03UITests";
				PRODUCT_NAME = "$(TARGET_NAME)";
				SWIFT_VERSION = 3.0;
				TEST_TARGET_NAME = hw_03;
			};
			name = Release;
		};
/* End XCBuildConfiguration section */

/* Begin XCConfigurationList section */
		3B1848571EF7B46500C71E9B /* Build configuration list for PBXProject "hw_03" */ = {
			isa = XCConfigurationList;
			buildConfigurations = (
				3B1848821EF7B46600C71E9B /* Debug */,
				3B1848831EF7B46600C71E9B /* Release */,
			);
			defaultConfigurationIsVisible = 0;
			defaultConfigurationName = Release;
		};
		3B1848841EF7B46600C71E9B /* Build configuration list for PBXNativeTarget "hw_03" */ = {
			isa = XCConfigurationList;
			buildConfigurations = (
				3B1848851EF7B46600C71E9B /* Debug */,
				3B1848861EF7B46600C71E9B /* Release */,
			);
			defaultConfigurationIsVisible = 0;
			defaultConfigurationName = Release;
		};
		3B1848871EF7B46600C71E9B /* Build configuration list for PBXNativeTarget "hw_03Tests" */ = {
			isa = XCConfigurationList;
			buildConfigurations = (
				3B1848881EF7B46600C71E9B /* Debug */,
				3B1848891EF7B46600C71E9B /* Release */,
			);
			defaultConfigurationIsVisible = 0;
			defaultConfigurationName = Release;
		};
		3B18488A1EF7B46600C71E9B /* Build configuration list for PBXNativeTarget "hw_03UITests" */ = {
			isa = XCConfigurationList;
			buildConfigurations = (
				3B18488B1EF7B46600C71E9B /* Debug */,
				3B18488C1EF7B46600C71E9B /* Release */,
			);
			defaultConfigurationIsVisible = 0;
			defaultConfigurationName = Release;
		};
/* End XCConfigurationList section */
	};
	rootObject = 3B1848541EF7B46500C71E9B /* Project object */;
}
